
Microsoft Visual Studio Solution File, Format Version 12.00
# Visual Studio Version 16
VisualStudioVersion = 16.0.32228.343
MinimumVisualStudioVersion = 10.0.40219.1
Project("{FAE04EC0-301F-11D3-BF4B-00C04F79EFBC}") = "TeacherInfoMvc", "TeacherInfoMvc.csproj", "{D6CB1B8F-C614-4172-947E-4E31B63010BE}"
EndProject
Global
	GlobalSection(SolutionConfigurationPlatforms) = preSolution
		Debug|Any CPU = Debug|Any CPU
		Release|Any CPU = Release|Any CPU
	EndGlobalSection
	GlobalSection(ProjectConfigurationPlatforms) = postSolution
		{D6CB1B8F-C614-4172-947E-4E31B63010BE}.Debug|Any CPU.ActiveCfg = Debug|Any CPU
		{D6CB1B8F-C614-4172-947E-4E31B63010BE}.Debug|Any CPU.Build.0 = Debug|Any CPU
		{D6CB1B8F-C614-4172-947E-4E31B63010BE}.Release|Any CPU.ActiveCfg = Release|Any CPU
		{D6CB1B8F-C614-4172-947E-4E31B63010BE}.Release|Any CPU.Build.0 = Release|Any CPU
	EndGlobalSection
	GlobalSection(SolutionProperties) = preSolution
		HideSolutionNode = FALSE
	EndGlobalSection
	GlobalSection(ExtensibilityGlobals) = postSolution
		SolutionGuid = {154C2C76-FC33-4EAC-881F-39452788B534}
	EndGlobalSection
EndGlobal
